
Microsoft Visual Studio Solution File, Format Version 12.00
# Visual Studio Version 17
VisualStudioVersion = 17.1.32210.238
MinimumVisualStudioVersion = 10.0.40219.1
Project("{FAE04EC0-301F-11D3-BF4B-00C04F79EFBC}") = "MultiplicarMatrizes", "MultiplicarMatrizes\MultiplicarMatrizes.csproj", "{A378B307-E069-45F8-B8DE-A10127972C83}"
EndProject
Global
	GlobalSection(SolutionConfigurationPlatforms) = preSolution
		Debug|Any CPU = Debug|Any CPU
		Release|Any CPU = Release|Any CPU
	EndGlobalSection
	GlobalSection(ProjectConfigurationPlatforms) = postSolution
		{A378B307-E069-45F8-B8DE-A10127972C83}.Debug|Any CPU.ActiveCfg = Debug|Any CPU
		{A378B307-E069-45F8-B8DE-A10127972C83}.Debug|Any CPU.Build.0 = Debug|Any CPU
		{A378B307-E069-45F8-B8DE-A10127972C83}.Release|Any CPU.ActiveCfg = Release|Any CPU
		{A378B307-E069-45F8-B8DE-A10127972C83}.Release|Any CPU.Build.0 = Release|Any CPU
	EndGlobalSection
	GlobalSection(SolutionProperties) = preSolution
		HideSolutionNode = FALSE
	EndGlobalSection
	GlobalSection(ExtensibilityGlobals) = postSolution
		SolutionGuid = {70EF4957-340A-46F6-A2CF-8D235EBB1D51}
	EndGlobalSection
EndGlobal
