
Microsoft Visual Studio Solution File, Format Version 12.00
# Visual Studio Version 17
VisualStudioVersion = 17.1.32210.238
MinimumVisualStudioVersion = 10.0.40219.1
Project("{FAE04EC0-301F-11D3-BF4B-00C04F79EFBC}") = "ConversorTemperatura", "ConversorTemperatura\ConversorTemperatura.csproj", "{C20F2319-2DE8-4AF2-89B9-9DF886EF7118}"
EndProject
Global
	GlobalSection(SolutionConfigurationPlatforms) = preSolution
		Debug|Any CPU = Debug|Any CPU
		Release|Any CPU = Release|Any CPU
	EndGlobalSection
	GlobalSection(ProjectConfigurationPlatforms) = postSolution
		{C20F2319-2DE8-4AF2-89B9-9DF886EF7118}.Debug|Any CPU.ActiveCfg = Debug|Any CPU
		{C20F2319-2DE8-4AF2-89B9-9DF886EF7118}.Debug|Any CPU.Build.0 = Debug|Any CPU
		{C20F2319-2DE8-4AF2-89B9-9DF886EF7118}.Release|Any CPU.ActiveCfg = Release|Any CPU
		{C20F2319-2DE8-4AF2-89B9-9DF886EF7118}.Release|Any CPU.Build.0 = Release|Any CPU
	EndGlobalSection
	GlobalSection(SolutionProperties) = preSolution
		HideSolutionNode = FALSE
	EndGlobalSection
	GlobalSection(ExtensibilityGlobals) = postSolution
		SolutionGuid = {AC161593-D616-4390-AD10-77FEF917A8BB}
	EndGlobalSection
EndGlobal
